
Microsoft Visual Studio Solution File, Format Version 12.00
# Visual Studio Version 17
VisualStudioVersion = 17.9.34714.143
MinimumVisualStudioVersion = 10.0.40219.1
Project("{9A19103F-16F7-4668-BE54-9A1E7A4F7556}") = "MapLab.Web", "MapLab.Web\MapLab.Web.csproj", "{581B1A4D-DAC5-43AF-BC91-CBA65444C7A3}"
EndProject
Project("{9A19103F-16F7-4668-BE54-9A1E7A4F7556}") = "MapLab.Data", "MapLab.Data\MapLab.Data.csproj", "{8D814C33-A447-40A1-BDC1-084F7ED9F3BF}"
EndProject
Project("{9A19103F-16F7-4668-BE54-9A1E7A4F7556}") = "MapLab.Services", "MapLab.Services\MapLab.Services.csproj", "{AA96E5DA-DD83-4004-968D-56B0DA4ED69D}"
EndProject
Project("{9A19103F-16F7-4668-BE54-9A1E7A4F7556}") = "MapLab.Common", "MapLab.Common\MapLab.Common.csproj", "{C0AF1E4A-AD9D-4752-8C38-DD66E35E8027}"
EndProject
Project("{9A19103F-16F7-4668-BE54-9A1E7A4F7556}") = "MapLab.Shared", "MapLab.Shared\MapLab.Shared.csproj", "{275CD130-7D7C-4AB3-BBAF-CFD59ECE11DB}"
EndProject
Global
	GlobalSection(SolutionConfigurationPlatforms) = preSolution
		Debug|Any CPU = Debug|Any CPU
		Release|Any CPU = Release|Any CPU
	EndGlobalSection
	GlobalSection(ProjectConfigurationPlatforms) = postSolution
		{581B1A4D-DAC5-43AF-BC91-CBA65444C7A3}.Debug|Any CPU.ActiveCfg = Debug|Any CPU
		{581B1A4D-DAC5-43AF-BC91-CBA65444C7A3}.Debug|Any CPU.Build.0 = Debug|Any CPU
		{581B1A4D-DAC5-43AF-BC91-CBA65444C7A3}.Release|Any CPU.ActiveCfg = Release|Any CPU
		{581B1A4D-DAC5-43AF-BC91-CBA65444C7A3}.Release|Any CPU.Build.0 = Release|Any CPU
		{8D814C33-A447-40A1-BDC1-084F7ED9F3BF}.Debug|Any CPU.ActiveCfg = Debug|Any CPU
		{8D814C33-A447-40A1-BDC1-084F7ED9F3BF}.Debug|Any CPU.Build.0 = Debug|Any CPU
		{8D814C33-A447-40A1-BDC1-084F7ED9F3BF}.Release|Any CPU.ActiveCfg = Release|Any CPU
		{8D814C33-A447-40A1-BDC1-084F7ED9F3BF}.Release|Any CPU.Build.0 = Release|Any CPU
		{AA96E5DA-DD83-4004-968D-56B0DA4ED69D}.Debug|Any CPU.ActiveCfg = Debug|Any CPU
		{AA96E5DA-DD83-4004-968D-56B0DA4ED69D}.Debug|Any CPU.Build.0 = Debug|Any CPU
		{AA96E5DA-DD83-4004-968D-56B0DA4ED69D}.Release|Any CPU.ActiveCfg = Release|Any CPU
		{AA96E5DA-DD83-4004-968D-56B0DA4ED69D}.Release|Any CPU.Build.0 = Release|Any CPU
		{C0AF1E4A-AD9D-4752-8C38-DD66E35E8027}.Debug|Any CPU.ActiveCfg = Debug|Any CPU
		{C0AF1E4A-AD9D-4752-8C38-DD66E35E8027}.Debug|Any CPU.Build.0 = Debug|Any CPU
		{C0AF1E4A-AD9D-4752-8C38-DD66E35E8027}.Release|Any CPU.ActiveCfg = Release|Any CPU
		{C0AF1E4A-AD9D-4752-8C38-DD66E35E8027}.Release|Any CPU.Build.0 = Release|Any CPU
		{275CD130-7D7C-4AB3-BBAF-CFD59ECE11DB}.Debug|Any CPU.ActiveCfg = Debug|Any CPU
		{275CD130-7D7C-4AB3-BBAF-CFD59ECE11DB}.Debug|Any CPU.Build.0 = Debug|Any CPU
		{275CD130-7D7C-4AB3-BBAF-CFD59ECE11DB}.Release|Any CPU.ActiveCfg = Release|Any CPU
		{275CD130-7D7C-4AB3-BBAF-CFD59ECE11DB}.Release|Any CPU.Build.0 = Release|Any CPU
	EndGlobalSection
	GlobalSection(SolutionProperties) = preSolution
		HideSolutionNode = FALSE
	EndGlobalSection
	GlobalSection(ExtensibilityGlobals) = postSolution
		SolutionGuid = {B0E1EFA2-EC14-40E2-9F8C-9FD2C96F2ADE}
	EndGlobalSection
EndGlobal
