
Microsoft Visual Studio Solution File, Format Version 12.00
# Visual Studio Version 17
VisualStudioVersion = 17.9.34714.143
MinimumVisualStudioVersion = 10.0.40219.1
Project("{9A19103F-16F7-4668-BE54-9A1E7A4F7556}") = "MapLab.Web", "MapLab\MapLab.Web.csproj", "{53BB9BA3-3677-436D-ABA8-816C048E6886}"
EndProject
Project("{9A19103F-16F7-4668-BE54-9A1E7A4F7556}") = "MapLab.Data", "Data\MapLab.Data.csproj", "{DC417476-5F7A-412C-95C2-6C468007FFD6}"
EndProject
Project("{9A19103F-16F7-4668-BE54-9A1E7A4F7556}") = "MapLab.Services", "MapLab.Services\MapLab.Services.csproj", "{EB991383-9224-4465-90CD-F6E9AC4F2E21}"
EndProject
Project("{9A19103F-16F7-4668-BE54-9A1E7A4F7556}") = "MapLab.Common", "MapLab.Common\MapLab.Common.csproj", "{7DFB18A8-AF38-4494-98C6-51ACE346FC19}"
EndProject
Global
	GlobalSection(SolutionConfigurationPlatforms) = preSolution
		Debug|Any CPU = Debug|Any CPU
		Release|Any CPU = Release|Any CPU
	EndGlobalSection
	GlobalSection(ProjectConfigurationPlatforms) = postSolution
		{53BB9BA3-3677-436D-ABA8-816C048E6886}.Debug|Any CPU.ActiveCfg = Debug|Any CPU
		{53BB9BA3-3677-436D-ABA8-816C048E6886}.Debug|Any CPU.Build.0 = Debug|Any CPU
		{53BB9BA3-3677-436D-ABA8-816C048E6886}.Release|Any CPU.ActiveCfg = Release|Any CPU
		{53BB9BA3-3677-436D-ABA8-816C048E6886}.Release|Any CPU.Build.0 = Release|Any CPU
		{DC417476-5F7A-412C-95C2-6C468007FFD6}.Debug|Any CPU.ActiveCfg = Debug|Any CPU
		{DC417476-5F7A-412C-95C2-6C468007FFD6}.Debug|Any CPU.Build.0 = Debug|Any CPU
		{DC417476-5F7A-412C-95C2-6C468007FFD6}.Release|Any CPU.ActiveCfg = Release|Any CPU
		{DC417476-5F7A-412C-95C2-6C468007FFD6}.Release|Any CPU.Build.0 = Release|Any CPU
		{EB991383-9224-4465-90CD-F6E9AC4F2E21}.Debug|Any CPU.ActiveCfg = Debug|Any CPU
		{EB991383-9224-4465-90CD-F6E9AC4F2E21}.Debug|Any CPU.Build.0 = Debug|Any CPU
		{EB991383-9224-4465-90CD-F6E9AC4F2E21}.Release|Any CPU.ActiveCfg = Release|Any CPU
		{EB991383-9224-4465-90CD-F6E9AC4F2E21}.Release|Any CPU.Build.0 = Release|Any CPU
		{7DFB18A8-AF38-4494-98C6-51ACE346FC19}.Debug|Any CPU.ActiveCfg = Debug|Any CPU
		{7DFB18A8-AF38-4494-98C6-51ACE346FC19}.Debug|Any CPU.Build.0 = Debug|Any CPU
		{7DFB18A8-AF38-4494-98C6-51ACE346FC19}.Release|Any CPU.ActiveCfg = Release|Any CPU
		{7DFB18A8-AF38-4494-98C6-51ACE346FC19}.Release|Any CPU.Build.0 = Release|Any CPU
	EndGlobalSection
	GlobalSection(SolutionProperties) = preSolution
		HideSolutionNode = FALSE
	EndGlobalSection
	GlobalSection(ExtensibilityGlobals) = postSolution
		SolutionGuid = {B0E1EFA2-EC14-40E2-9F8C-9FD2C96F2ADE}
	EndGlobalSection
EndGlobal
